
Microsoft Visual Studio Solution File, Format Version 12.00
# Visual Studio 15
VisualStudioVersion = 15.0.26730.16
MinimumVisualStudioVersion = 10.0.40219.1
EndProject
Global
	GlobalSection(SolutionConfigurationPlatforms) = preSolution
		Debug|Any CPU = Debug|Any CPU
		Release|Any CPU = Release|Any CPU
	EndGlobalSection
	GlobalSection(ProjectConfigurationPlatforms) = postSolution
		{690F1CBD-2F44-4028-9F74-BF0AA57AAC18}.Debug|Any CPU.ActiveCfg = Debug|Any CPU
		{690F1CBD-2F44-4028-9F74-BF0AA57AAC18}.Debug|Any CPU.Build.0 = Debug|Any CPU
		{690F1CBD-2F44-4028-9F74-BF0AA57AAC18}.Release|Any CPU.ActiveCfg = Release|Any CPU
		{690F1CBD-2F44-4028-9F74-BF0AA57AAC18}.Release|Any CPU.Build.0 = Release|Any CPU
	EndGlobalSection
	GlobalSection(SolutionProperties) = preSolution
		HideSolutionNode = FALSE
	EndGlobalSection
	GlobalSection(ExtensibilityGlobals) = postSolution
		SolutionGuid = {1B01BF25-45F3-4EA6-A681-18A482F00B0E}
	EndGlobalSection
EndGlobal
